
Microsoft Visual Studio Solution File, Format Version 12.00
# Visual Studio Version 17
VisualStudioVersion = 17.5.33103.201
MinimumVisualStudioVersion = 10.0.40219.1
Project("{2150E333-8FDC-42A3-9474-1A3956D46DE8}") = "SolutionItems", "SolutionItems", "{098F9012-79B5-4664-BE27-4F4CD3A69B65}"
	ProjectSection(SolutionItems) = preProject
		..\.editorconfig = ..\.editorconfig
		..\azure-pipelines.yml = ..\azure-pipelines.yml
		Directory.build.props = Directory.build.props
	EndProjectSection
EndProject
Project("{9A19103F-16F7-4668-BE54-9A1E7A4F7556}") = "zoft.MauiExtensions.Core", "zoft.MauiExtensions.Core\zoft.MauiExtensions.Core.csproj", "{BA457B83-B34C-49C1-ABEF-3256C88F2F8A}"
EndProject
Project("{2150E333-8FDC-42A3-9474-1A3956D46DE8}") = "Sample", "Sample", "{157B8F14-565D-48E3-82E4-8C9FC96A2E5B}"
EndProject
Project("{9A19103F-16F7-4668-BE54-9A1E7A4F7556}") = "zoft.MauiExtensions.Sample", "..\sample\zoft.MauiExtensions.Sample\zoft.MauiExtensions.Sample.csproj", "{77A8A3CD-0CEF-4D4A-8E17-BDDB9ED08C11}"
EndProject
Global
	GlobalSection(SolutionConfigurationPlatforms) = preSolution
		Debug|Any CPU = Debug|Any CPU
		Release|Any CPU = Release|Any CPU
	EndGlobalSection
	GlobalSection(ProjectConfigurationPlatforms) = postSolution
		{BA457B83-B34C-49C1-ABEF-3256C88F2F8A}.Debug|Any CPU.ActiveCfg = Debug|Any CPU
		{BA457B83-B34C-49C1-ABEF-3256C88F2F8A}.Debug|Any CPU.Build.0 = Debug|Any CPU
		{BA457B83-B34C-49C1-ABEF-3256C88F2F8A}.Release|Any CPU.ActiveCfg = Release|Any CPU
		{BA457B83-B34C-49C1-ABEF-3256C88F2F8A}.Release|Any CPU.Build.0 = Release|Any CPU
		{77A8A3CD-0CEF-4D4A-8E17-BDDB9ED08C11}.Debug|Any CPU.ActiveCfg = Debug|Any CPU
		{77A8A3CD-0CEF-4D4A-8E17-BDDB9ED08C11}.Debug|Any CPU.Build.0 = Debug|Any CPU
		{77A8A3CD-0CEF-4D4A-8E17-BDDB9ED08C11}.Debug|Any CPU.Deploy.0 = Debug|Any CPU
		{77A8A3CD-0CEF-4D4A-8E17-BDDB9ED08C11}.Release|Any CPU.ActiveCfg = Release|Any CPU
	EndGlobalSection
	GlobalSection(SolutionProperties) = preSolution
		HideSolutionNode = FALSE
	EndGlobalSection
	GlobalSection(NestedProjects) = preSolution
		{77A8A3CD-0CEF-4D4A-8E17-BDDB9ED08C11} = {157B8F14-565D-48E3-82E4-8C9FC96A2E5B}
	EndGlobalSection
	GlobalSection(ExtensibilityGlobals) = postSolution
		SolutionGuid = {387D3792-CE7B-4D66-AE33-1F75654603B0}
	EndGlobalSection
EndGlobal
